
Microsoft Visual Studio Solution File, Format Version 12.00
# Visual Studio Version 17
VisualStudioVersion = 17.0.32014.148
MinimumVisualStudioVersion = 10.0.40219.1
Project("{9A19103F-16F7-4668-BE54-9A1E7A4F7556}") = "TextureExtractor", "TextureExtractor\TextureExtractor.csproj", "{2936423A-5BD5-45EF-990A-B30EDA79AA1F}"
EndProject
Project("{9A19103F-16F7-4668-BE54-9A1E7A4F7556}") = "ParisSerializers", "ModHook\ParisSerializers.csproj", "{E16F4833-39FC-47E4-9649-7583AE176C18}"
EndProject
Project("{9A19103F-16F7-4668-BE54-9A1E7A4F7556}") = "ModApi", "ModApi\ModApi.csproj", "{BFA2BA57-8A41-41D3-A8ED-EB4BBCC1A57E}"
EndProject
Project("{FAE04EC0-301F-11D3-BF4B-00C04F79EFBC}") = "InstallModAPi", "InstallModAPi\InstallModAPi.csproj", "{42392CD3-33AD-474E-BFFD-280743E3BC9C}"
EndProject
Project("{2150E333-8FDC-42A3-9474-1A3956D46DE8}") = "targets", "targets", "{F5F402D9-EE54-4A36-B6CE-23259340D797}"
	ProjectSection(SolutionItems) = preProject
		common.targets = common.targets
		private.targets = private.targets
	EndProjectSection
EndProject
Project("{9A19103F-16F7-4668-BE54-9A1E7A4F7556}") = "SoundExtractor", "SoundExtractor\SoundExtractor.csproj", "{4DD07E80-26E1-4183-9DB2-16381C47EBC6}"
EndProject
Global
	GlobalSection(SolutionConfigurationPlatforms) = preSolution
		Debug|Any CPU = Debug|Any CPU
		Release|Any CPU = Release|Any CPU
	EndGlobalSection
	GlobalSection(ProjectConfigurationPlatforms) = postSolution
		{2936423A-5BD5-45EF-990A-B30EDA79AA1F}.Debug|Any CPU.ActiveCfg = Debug|Any CPU
		{2936423A-5BD5-45EF-990A-B30EDA79AA1F}.Debug|Any CPU.Build.0 = Debug|Any CPU
		{2936423A-5BD5-45EF-990A-B30EDA79AA1F}.Release|Any CPU.ActiveCfg = Release|Any CPU
		{2936423A-5BD5-45EF-990A-B30EDA79AA1F}.Release|Any CPU.Build.0 = Release|Any CPU
		{E16F4833-39FC-47E4-9649-7583AE176C18}.Debug|Any CPU.ActiveCfg = Debug|Any CPU
		{E16F4833-39FC-47E4-9649-7583AE176C18}.Debug|Any CPU.Build.0 = Debug|Any CPU
		{E16F4833-39FC-47E4-9649-7583AE176C18}.Release|Any CPU.ActiveCfg = Release|Any CPU
		{E16F4833-39FC-47E4-9649-7583AE176C18}.Release|Any CPU.Build.0 = Release|Any CPU
		{BFA2BA57-8A41-41D3-A8ED-EB4BBCC1A57E}.Debug|Any CPU.ActiveCfg = Debug|Any CPU
		{BFA2BA57-8A41-41D3-A8ED-EB4BBCC1A57E}.Debug|Any CPU.Build.0 = Debug|Any CPU
		{BFA2BA57-8A41-41D3-A8ED-EB4BBCC1A57E}.Release|Any CPU.ActiveCfg = Release|Any CPU
		{BFA2BA57-8A41-41D3-A8ED-EB4BBCC1A57E}.Release|Any CPU.Build.0 = Release|Any CPU
		{42392CD3-33AD-474E-BFFD-280743E3BC9C}.Debug|Any CPU.ActiveCfg = Debug|Any CPU
		{42392CD3-33AD-474E-BFFD-280743E3BC9C}.Debug|Any CPU.Build.0 = Debug|Any CPU
		{42392CD3-33AD-474E-BFFD-280743E3BC9C}.Release|Any CPU.ActiveCfg = Release|Any CPU
		{42392CD3-33AD-474E-BFFD-280743E3BC9C}.Release|Any CPU.Build.0 = Release|Any CPU
		{4DD07E80-26E1-4183-9DB2-16381C47EBC6}.Debug|Any CPU.ActiveCfg = Debug|Any CPU
		{4DD07E80-26E1-4183-9DB2-16381C47EBC6}.Debug|Any CPU.Build.0 = Debug|Any CPU
		{4DD07E80-26E1-4183-9DB2-16381C47EBC6}.Release|Any CPU.ActiveCfg = Release|Any CPU
		{4DD07E80-26E1-4183-9DB2-16381C47EBC6}.Release|Any CPU.Build.0 = Release|Any CPU
	EndGlobalSection
	GlobalSection(SolutionProperties) = preSolution
		HideSolutionNode = FALSE
	EndGlobalSection
	GlobalSection(ExtensibilityGlobals) = postSolution
		SolutionGuid = {0072A22A-C753-4106-9693-E504FE2C2ECC}
	EndGlobalSection
EndGlobal
